// !$*UTF8*$!
{
	archiveVersion = 1;
	classes = {
	};
	objectVersion = 50;
	objects = {

/* Begin PBXBuildFile section */
		9E0E7F1F2445C69C0069F9DF /* MainView.swift in Sources */ = {isa = PBXBuildFile; fileRef = 9E0E7F1E2445C69C0069F9DF /* MainView.swift */; };
		9E8968EC2445D047008FC17F /* CustomTableViewCell.swift in Sources */ = {isa = PBXBuildFile; fileRef = 9E8968EB2445D047008FC17F /* CustomTableViewCell.swift */; };
		9EC57D682444C25500F4C79A /* AppDelegate.swift in Sources */ = {isa = PBXBuildFile; fileRef = 9EC57D672444C25500F4C79A /* AppDelegate.swift */; };
		9EC57D6A2444C25500F4C79A /* SceneDelegate.swift in Sources */ = {isa = PBXBuildFile; fileRef = 9EC57D692444C25500F4C79A /* SceneDelegate.swift */; };
		9EC57D6C2444C25500F4C79A /* WeatherVC.swift in Sources */ = {isa = PBXBuildFile; fileRef = 9EC57D6B2444C25500F4C79A /* WeatherVC.swift */; };
		9EC57D6F2444C25500F4C79A /* Main.storyboard in Resources */ = {isa = PBXBuildFile; fileRef = 9EC57D6D2444C25500F4C79A /* Main.storyboard */; };
		9EC57D712444C25800F4C79A /* Assets.xcassets in Resources */ = {isa = PBXBuildFile; fileRef = 9EC57D702444C25800F4C79A /* Assets.xcassets */; };
		9EC57D742444C25800F4C79A /* LaunchScreen.storyboard in Resources */ = {isa = PBXBuildFile; fileRef = 9EC57D722444C25800F4C79A /* LaunchScreen.storyboard */; };
		9EC57D7C2444C55800F4C79A /* NetworkService.swift in Sources */ = {isa = PBXBuildFile; fileRef = 9EC57D7B2444C55800F4C79A /* NetworkService.swift */; };
		9EC57D7E2444C65200F4C79A /* WeatherData.swift in Sources */ = {isa = PBXBuildFile; fileRef = 9EC57D7D2444C65200F4C79A /* WeatherData.swift */; };
		9EC57D852444D10C00F4C79A /* Default-568h@2x.png in Resources */ = {isa = PBXBuildFile; fileRef = 9EC57D842444D10C00F4C79A /* Default-568h@2x.png */; };
/* End PBXBuildFile section */

/* Begin PBXFileReference section */
		9E0E7F1E2445C69C0069F9DF /* MainView.swift */ = {isa = PBXFileReference; lastKnownFileType = sourcecode.swift; path = MainView.swift; sourceTree = "<group>"; };
		9E8968EB2445D047008FC17F /* CustomTableViewCell.swift */ = {isa = PBXFileReference; lastKnownFileType = sourcecode.swift; path = CustomTableViewCell.swift; sourceTree = "<group>"; };
		9EC57D642444C25500F4C79A /* WeatherApp.app */ = {isa = PBXFileReference; explicitFileType = wrapper.application; includeInIndex = 0; path = WeatherApp.app; sourceTree = BUILT_PRODUCTS_DIR; };
		9EC57D672444C25500F4C79A /* AppDelegate.swift */ = {isa = PBXFileReference; lastKnownFileType = sourcecode.swift; path = AppDelegate.swift; sourceTree = "<group>"; };
		9EC57D692444C25500F4C79A /* SceneDelegate.swift */ = {isa = PBXFileReference; lastKnownFileType = sourcecode.swift; path = SceneDelegate.swift; sourceTree = "<group>"; };
		9EC57D6B2444C25500F4C79A /* WeatherVC.swift */ = {isa = PBXFileReference; lastKnownFileType = sourcecode.swift; path = WeatherVC.swift; sourceTree = "<group>"; };
		9EC57D6E2444C25500F4C79A /* Base */ = {isa = PBXFileReference; lastKnownFileType = file.storyboard; name = Base; path = Base.lproj/Main.storyboard; sourceTree = "<group>"; };
		9EC57D702444C25800F4C79A /* Assets.xcassets */ = {isa = PBXFileReference; lastKnownFileType = folder.assetcatalog; path = Assets.xcassets; sourceTree = "<group>"; };
		9EC57D732444C25800F4C79A /* Base */ = {isa = PBXFileReference; lastKnownFileType = file.storyboard; name = Base; path = Base.lproj/LaunchScreen.storyboard; sourceTree = "<group>"; };
		9EC57D752444C25800F4C79A /* Info.plist */ = {isa = PBXFileReference; lastKnownFileType = text.plist.xml; path = Info.plist; sourceTree = "<group>"; };
		9EC57D7B2444C55800F4C79A /* NetworkService.swift */ = {isa = PBXFileReference; lastKnownFileType = sourcecode.swift; path = NetworkService.swift; sourceTree = "<group>"; };
		9EC57D7D2444C65200F4C79A /* WeatherData.swift */ = {isa = PBXFileReference; lastKnownFileType = sourcecode.swift; path = WeatherData.swift; sourceTree = "<group>"; };
		9EC57D842444D10C00F4C79A /* Default-568h@2x.png */ = {isa = PBXFileReference; lastKnownFileType = image.png; path = "Default-568h@2x.png"; sourceTree = "<group>"; };
/* End PBXFileReference section */

/* Begin PBXFrameworksBuildPhase section */
		9EC57D612444C25500F4C79A /* Frameworks */ = {
			isa = PBXFrameworksBuildPhase;
			buildActionMask = 2147483647;
			files = (
			);
			runOnlyForDeploymentPostprocessing = 0;
		};
/* End PBXFrameworksBuildPhase section */

/* Begin PBXGroup section */
		9E8968ED2445D050008FC17F /* UITableViewCell */ = {
			isa = PBXGroup;
			children = (
				9E8968EB2445D047008FC17F /* CustomTableViewCell.swift */,
			);
			path = UITableViewCell;
			sourceTree = "<group>";
		};
		9EC57D5B2444C25500F4C79A = {
			isa = PBXGroup;
			children = (
				9EC57D842444D10C00F4C79A /* Default-568h@2x.png */,
				9EC57D662444C25500F4C79A /* WeatherApp */,
				9EC57D652444C25500F4C79A /* Products */,
			);
			sourceTree = "<group>";
		};
		9EC57D652444C25500F4C79A /* Products */ = {
			isa = PBXGroup;
			children = (
				9EC57D642444C25500F4C79A /* WeatherApp.app */,
			);
			name = Products;
			sourceTree = "<group>";
		};
		9EC57D662444C25500F4C79A /* WeatherApp */ = {
			isa = PBXGroup;
			children = (
				9EC57D7F2444CF5200F4C79A /* Model */,
				9E8968ED2445D050008FC17F /* UITableViewCell */,
				9EC57D812444CF8400F4C79A /* View */,
				9EC57D822444CFA200F4C79A /* Network */,
				9EC57D692444C25500F4C79A /* SceneDelegate.swift */,
				9EC57D802444CF6A00F4C79A /* Controller */,
				9EC57D832444CFC100F4C79A /* SupportFiles */,
			);
			path = WeatherApp;
			sourceTree = "<group>";
		};
		9EC57D7F2444CF5200F4C79A /* Model */ = {
			isa = PBXGroup;
			children = (
				9EC57D7D2444C65200F4C79A /* WeatherData.swift */,
			);
			path = Model;
			sourceTree = "<group>";
		};
		9EC57D802444CF6A00F4C79A /* Controller */ = {
			isa = PBXGroup;
			children = (
				9EC57D672444C25500F4C79A /* AppDelegate.swift */,
				9EC57D6B2444C25500F4C79A /* WeatherVC.swift */,
			);
			name = Controller;
			sourceTree = "<group>";
		};
		9EC57D812444CF8400F4C79A /* View */ = {
			isa = PBXGroup;
			children = (
				9EC57D6D2444C25500F4C79A /* Main.storyboard */,
				9EC57D722444C25800F4C79A /* LaunchScreen.storyboard */,
				9E0E7F1E2445C69C0069F9DF /* MainView.swift */,
			);
			path = View;
			sourceTree = "<group>";
		};
		9EC57D822444CFA200F4C79A /* Network */ = {
			isa = PBXGroup;
			children = (
				9EC57D7B2444C55800F4C79A /* NetworkService.swift */,
			);
			name = Network;
			sourceTree = "<group>";
		};
		9EC57D832444CFC100F4C79A /* SupportFiles */ = {
			isa = PBXGroup;
			children = (
				9EC57D702444C25800F4C79A /* Assets.xcassets */,
				9EC57D752444C25800F4C79A /* Info.plist */,
			);
			path = SupportFiles;
			sourceTree = "<group>";
		};
/* End PBXGroup section */

/* Begin PBXNativeTarget section */
		9EC57D632444C25500F4C79A /* WeatherApp */ = {
			isa = PBXNativeTarget;
			buildConfigurationList = 9EC57D782444C25800F4C79A /* Build configuration list for PBXNativeTarget "WeatherApp" */;
			buildPhases = (
				9EC57D602444C25500F4C79A /* Sources */,
				9EC57D612444C25500F4C79A /* Frameworks */,
				9EC57D622444C25500F4C79A /* Resources */,
			);
			buildRules = (
			);
			dependencies = (
			);
			name = WeatherApp;
			productName = WhetherApp;
			productReference = 9EC57D642444C25500F4C79A /* WeatherApp.app */;
			productType = "com.apple.product-type.application";
		};
/* End PBXNativeTarget section */

/* Begin PBXProject section */
		9EC57D5C2444C25500F4C79A /* Project object */ = {
			isa = PBXProject;
			attributes = {
				LastSwiftUpdateCheck = 1140;
				LastUpgradeCheck = 1140;
				ORGANIZATIONNAME = "Максим Окунеев";
				TargetAttributes = {
					9EC57D632444C25500F4C79A = {
						CreatedOnToolsVersion = 11.4;
					};
				};
			};
			buildConfigurationList = 9EC57D5F2444C25500F4C79A /* Build configuration list for PBXProject "WeatherApp" */;
			compatibilityVersion = "Xcode 9.3";
			developmentRegion = en;
			hasScannedForEncodings = 0;
			knownRegions = (
				en,
				Base,
			);
			mainGroup = 9EC57D5B2444C25500F4C79A;
			productRefGroup = 9EC57D652444C25500F4C79A /* Products */;
			projectDirPath = "";
			projectRoot = "";
			targets = (
				9EC57D632444C25500F4C79A /* WeatherApp */,
			);
		};
/* End PBXProject section */

/* Begin PBXResourcesBuildPhase section */
		9EC57D622444C25500F4C79A /* Resources */ = {
			isa = PBXResourcesBuildPhase;
			buildActionMask = 2147483647;
			files = (
				9EC57D742444C25800F4C79A /* LaunchScreen.storyboard in Resources */,
				9EC57D852444D10C00F4C79A /* Default-568h@2x.png in Resources */,
				9EC57D712444C25800F4C79A /* Assets.xcassets in Resources */,
				9EC57D6F2444C25500F4C79A /* Main.storyboard in Resources */,
			);
			runOnlyForDeploymentPostprocessing = 0;
		};
/* End PBXResourcesBuildPhase section */

/* Begin PBXSourcesBuildPhase section */
		9EC57D602444C25500F4C79A /* Sources */ = {
			isa = PBXSourcesBuildPhase;
			buildActionMask = 2147483647;
			files = (
				9EC57D6C2444C25500F4C79A /* WeatherVC.swift in Sources */,
				9E0E7F1F2445C69C0069F9DF /* MainView.swift in Sources */,
				9EC57D7E2444C65200F4C79A /* WeatherData.swift in Sources */,
				9E8968EC2445D047008FC17F /* CustomTableViewCell.swift in Sources */,
				9EC57D682444C25500F4C79A /* AppDelegate.swift in Sources */,
				9EC57D7C2444C55800F4C79A /* NetworkService.swift in Sources */,
				9EC57D6A2444C25500F4C79A /* SceneDelegate.swift in Sources */,
			);
			runOnlyForDeploymentPostprocessing = 0;
		};
/* End PBXSourcesBuildPhase section */

/* Begin PBXVariantGroup section */
		9EC57D6D2444C25500F4C79A /* Main.storyboard */ = {
			isa = PBXVariantGroup;
			children = (
				9EC57D6E2444C25500F4C79A /* Base */,
			);
			name = Main.storyboard;
			sourceTree = "<group>";
		};
		9EC57D722444C25800F4C79A /* LaunchScreen.storyboard */ = {
			isa = PBXVariantGroup;
			children = (
				9EC57D732444C25800F4C79A /* Base */,
			);
			name = LaunchScreen.storyboard;
			sourceTree = "<group>";
		};
/* End PBXVariantGroup section */

/* Begin XCBuildConfiguration section */
		9EC57D762444C25800F4C79A /* Debug */ = {
			isa = XCBuildConfiguration;
			buildSettings = {
				ALWAYS_SEARCH_USER_PATHS = NO;
				CLANG_ANALYZER_NONNULL = YES;
				CLANG_ANALYZER_NUMBER_OBJECT_CONVERSION = YES_AGGRESSIVE;
				CLANG_CXX_LANGUAGE_STANDARD = "gnu++14";
				CLANG_CXX_LIBRARY = "libc++";
				CLANG_ENABLE_MODULES = YES;
				CLANG_ENABLE_OBJC_ARC = YES;
				CLANG_ENABLE_OBJC_WEAK = YES;
				CLANG_WARN_BLOCK_CAPTURE_AUTORELEASING = YES;
				CLANG_WARN_BOOL_CONVERSION = YES;
				CLANG_WARN_COMMA = YES;
				CLANG_WARN_CONSTANT_CONVERSION = YES;
				CLANG_WARN_DEPRECATED_OBJC_IMPLEMENTATIONS = YES;
				CLANG_WARN_DIRECT_OBJC_ISA_USAGE = YES_ERROR;
				CLANG_WARN_DOCUMENTATION_COMMENTS = YES;
				CLANG_WARN_EMPTY_BODY = YES;
				CLANG_WARN_ENUM_CONVERSION = YES;
				CLANG_WARN_INFINITE_RECURSION = YES;
				CLANG_WARN_INT_CONVERSION = YES;
				CLANG_WARN_NON_LITERAL_NULL_CONVERSION = YES;
				CLANG_WARN_OBJC_IMPLICIT_RETAIN_SELF = YES;
				CLANG_WARN_OBJC_LITERAL_CONVERSION = YES;
				CLANG_WARN_OBJC_ROOT_CLASS = YES_ERROR;
				CLANG_WARN_RANGE_LOOP_ANALYSIS = YES;
				CLANG_WARN_STRICT_PROTOTYPES = YES;
				CLANG_WARN_SUSPICIOUS_MOVE = YES;
				CLANG_WARN_UNGUARDED_AVAILABILITY = YES_AGGRESSIVE;
				CLANG_WARN_UNREACHABLE_CODE = YES;
				CLANG_WARN__DUPLICATE_METHOD_MATCH = YES;
				COPY_PHASE_STRIP = NO;
				DEBUG_INFORMATION_FORMAT = dwarf;
				ENABLE_STRICT_OBJC_MSGSEND = YES;
				ENABLE_TESTABILITY = YES;
				GCC_C_LANGUAGE_STANDARD = gnu11;
				GCC_DYNAMIC_NO_PIC = NO;
				GCC_NO_COMMON_BLOCKS = YES;
				GCC_OPTIMIZATION_LEVEL = 0;
				GCC_PREPROCESSOR_DEFINITIONS = (
					"DEBUG=1",
					"$(inherited)",
				);
				GCC_WARN_64_TO_32_BIT_CONVERSION = YES;
				GCC_WARN_ABOUT_RETURN_TYPE = YES_ERROR;
				GCC_WARN_UNDECLARED_SELECTOR = YES;
				GCC_WARN_UNINITIALIZED_AUTOS = YES_AGGRESSIVE;
				GCC_WARN_UNUSED_FUNCTION = YES;
				GCC_WARN_UNUSED_VARIABLE = YES;
				IPHONEOS_DEPLOYMENT_TARGET = 13.4;
				MTL_ENABLE_DEBUG_INFO = INCLUDE_SOURCE;
				MTL_FAST_MATH = YES;
				ONLY_ACTIVE_ARCH = YES;
				SDKROOT = iphoneos;
				SWIFT_ACTIVE_COMPILATION_CONDITIONS = DEBUG;
				SWIFT_OPTIMIZATION_LEVEL = "-Onone";
			};
			name = Debug;
		};
		9EC57D772444C25800F4C79A /* Release */ = {
			isa = XCBuildConfiguration;
			buildSettings = {
				ALWAYS_SEARCH_USER_PATHS = NO;
				CLANG_ANALYZER_NONNULL = YES;
				CLANG_ANALYZER_NUMBER_OBJECT_CONVERSION = YES_AGGRESSIVE;
				CLANG_CXX_LANGUAGE_STANDARD = "gnu++14";
				CLANG_CXX_LIBRARY = "libc++";
				CLANG_ENABLE_MODULES = YES;
				CLANG_ENABLE_OBJC_ARC = YES;
				CLANG_ENABLE_OBJC_WEAK = YES;
				CLANG_WARN_BLOCK_CAPTURE_AUTORELEASING = YES;
				CLANG_WARN_BOOL_CONVERSION = YES;
				CLANG_WARN_COMMA = YES;
				CLANG_WARN_CONSTANT_CONVERSION = YES;
				CLANG_WARN_DEPRECATED_OBJC_IMPLEMENTATIONS = YES;
				CLANG_WARN_DIRECT_OBJC_ISA_USAGE = YES_ERROR;
				CLANG_WARN_DOCUMENTATION_COMMENTS = YES;
				CLANG_WARN_EMPTY_BODY = YES;
				CLANG_WARN_ENUM_CONVERSION = YES;
				CLANG_WARN_INFINITE_RECURSION = YES;
				CLANG_WARN_INT_CONVERSION = YES;
				CLANG_WARN_NON_LITERAL_NULL_CONVERSION = YES;
				CLANG_WARN_OBJC_IMPLICIT_RETAIN_SELF = YES;
				CLANG_WARN_OBJC_LITERAL_CONVERSION = YES;
				CLANG_WARN_OBJC_ROOT_CLASS = YES_ERROR;
				CLANG_WARN_RANGE_LOOP_ANALYSIS = YES;
				CLANG_WARN_STRICT_PROTOTYPES = YES;
				CLANG_WARN_SUSPICIOUS_MOVE = YES;
				CLANG_WARN_UNGUARDED_AVAILABILITY = YES_AGGRESSIVE;
				CLANG_WARN_UNREACHABLE_CODE = YES;
				CLANG_WARN__DUPLICATE_METHOD_MATCH = YES;
				COPY_PHASE_STRIP = NO;
				DEBUG_INFORMATION_FORMAT = "dwarf-with-dsym";
				ENABLE_NS_ASSERTIONS = NO;
				ENABLE_STRICT_OBJC_MSGSEND = YES;
				GCC_C_LANGUAGE_STANDARD = gnu11;
				GCC_NO_COMMON_BLOCKS = YES;
				GCC_WARN_64_TO_32_BIT_CONVERSION = YES;
				GCC_WARN_ABOUT_RETURN_TYPE = YES_ERROR;
				GCC_WARN_UNDECLARED_SELECTOR = YES;
				GCC_WARN_UNINITIALIZED_AUTOS = YES_AGGRESSIVE;
				GCC_WARN_UNUSED_FUNCTION = YES;
				GCC_WARN_UNUSED_VARIABLE = YES;
				IPHONEOS_DEPLOYMENT_TARGET = 13.4;
				MTL_ENABLE_DEBUG_INFO = NO;
				MTL_FAST_MATH = YES;
				SDKROOT = iphoneos;
				SWIFT_COMPILATION_MODE = wholemodule;
				SWIFT_OPTIMIZATION_LEVEL = "-O";
				VALIDATE_PRODUCT = YES;
			};
			name = Release;
		};
		9EC57D792444C25800F4C79A /* Debug */ = {
			isa = XCBuildConfiguration;
			buildSettings = {
				ASSETCATALOG_COMPILER_APPICON_NAME = AppIcon;
				CODE_SIGN_STYLE = Automatic;
				DEVELOPMENT_TEAM = WJR74JV9LN;
				INFOPLIST_FILE = "$(SRCROOT)/WeatherApp/SupportFiles/Info.plist";
				LD_RUNPATH_SEARCH_PATHS = (
					"$(inherited)",
					"@executable_path/Frameworks",
				);
				PRODUCT_BUNDLE_IDENTIFIER = "-.WhetherApp";
				PRODUCT_NAME = "$(TARGET_NAME)";
				SWIFT_VERSION = 5.0;
				TARGETED_DEVICE_FAMILY = "1,2";
			};
			name = Debug;
		};
		9EC57D7A2444C25800F4C79A /* Release */ = {
			isa = XCBuildConfiguration;
			buildSettings = {
				ASSETCATALOG_COMPILER_APPICON_NAME = AppIcon;
				CODE_SIGN_STYLE = Automatic;
				DEVELOPMENT_TEAM = WJR74JV9LN;
				INFOPLIST_FILE = "$(SRCROOT)/WeatherApp/SupportFiles/Info.plist";
				LD_RUNPATH_SEARCH_PATHS = (
					"$(inherited)",
					"@executable_path/Frameworks",
				);
				PRODUCT_BUNDLE_IDENTIFIER = "-.WhetherApp";
				PRODUCT_NAME = "$(TARGET_NAME)";
				SWIFT_VERSION = 5.0;
				TARGETED_DEVICE_FAMILY = "1,2";
			};
			name = Release;
		};
/* End XCBuildConfiguration section */

/* Begin XCConfigurationList section */
		9EC57D5F2444C25500F4C79A /* Build configuration list for PBXProject "WeatherApp" */ = {
			isa = XCConfigurationList;
			buildConfigurations = (
				9EC57D762444C25800F4C79A /* Debug */,
				9EC57D772444C25800F4C79A /* Release */,
			);
			defaultConfigurationIsVisible = 0;
			defaultConfigurationName = Release;
		};
		9EC57D782444C25800F4C79A /* Build configuration list for PBXNativeTarget "WeatherApp" */ = {
			isa = XCConfigurationList;
			buildConfigurations = (
				9EC57D792444C25800F4C79A /* Debug */,
				9EC57D7A2444C25800F4C79A /* Release */,
			);
			defaultConfigurationIsVisible = 0;
			defaultConfigurationName = Release;
		};
/* End XCConfigurationList section */
	};
	rootObject = 9EC57D5C2444C25500F4C79A /* Project object */;
}
